
Microsoft Visual Studio Solution File, Format Version 12.00
# Visual Studio Version 16
VisualStudioVersion = 16.0.31624.102
MinimumVisualStudioVersion = 10.0.40219.1
Project("{9A19103F-16F7-4668-BE54-9A1E7A4F7556}") = "PharmacyClassLib", "Pharmacy\PharmacyClassLib.csproj", "{4263ADAA-2486-48E0-BEAB-94CD281E9033}"
EndProject
Project("{9A19103F-16F7-4668-BE54-9A1E7A4F7556}") = "PharmacyAPI", "PharmacyAPI\PharmacyAPI.csproj", "{8CE13326-041E-4FB6-96F3-0E323985D9E3}"
EndProject
Project("{FAE04EC0-301F-11D3-BF4B-00C04F79EFBC}") = "PharmacyTests", "PharmacyTests\PharmacyTests.csproj", "{D52591F9-1ACE-4405-8C29-CCED84B12FDE}"
EndProject
Global
	GlobalSection(SolutionConfigurationPlatforms) = preSolution
		Debug|Any CPU = Debug|Any CPU
		Release|Any CPU = Release|Any CPU
	EndGlobalSection
	GlobalSection(ProjectConfigurationPlatforms) = postSolution
		{4263ADAA-2486-48E0-BEAB-94CD281E9033}.Debug|Any CPU.ActiveCfg = Debug|Any CPU
		{4263ADAA-2486-48E0-BEAB-94CD281E9033}.Debug|Any CPU.Build.0 = Debug|Any CPU
		{4263ADAA-2486-48E0-BEAB-94CD281E9033}.Release|Any CPU.ActiveCfg = Release|Any CPU
		{4263ADAA-2486-48E0-BEAB-94CD281E9033}.Release|Any CPU.Build.0 = Release|Any CPU
		{8CE13326-041E-4FB6-96F3-0E323985D9E3}.Debug|Any CPU.ActiveCfg = Debug|Any CPU
		{8CE13326-041E-4FB6-96F3-0E323985D9E3}.Debug|Any CPU.Build.0 = Debug|Any CPU
		{8CE13326-041E-4FB6-96F3-0E323985D9E3}.Release|Any CPU.ActiveCfg = Release|Any CPU
		{8CE13326-041E-4FB6-96F3-0E323985D9E3}.Release|Any CPU.Build.0 = Release|Any CPU
		{D52591F9-1ACE-4405-8C29-CCED84B12FDE}.Debug|Any CPU.ActiveCfg = Debug|Any CPU
		{D52591F9-1ACE-4405-8C29-CCED84B12FDE}.Debug|Any CPU.Build.0 = Debug|Any CPU
		{D52591F9-1ACE-4405-8C29-CCED84B12FDE}.Release|Any CPU.ActiveCfg = Release|Any CPU
		{D52591F9-1ACE-4405-8C29-CCED84B12FDE}.Release|Any CPU.Build.0 = Release|Any CPU
	EndGlobalSection
	GlobalSection(SolutionProperties) = preSolution
		HideSolutionNode = FALSE
	EndGlobalSection
	GlobalSection(ExtensibilityGlobals) = postSolution
		SolutionGuid = {BF561BC3-B9EC-4263-A758-AADBD3CA74F9}
	EndGlobalSection
EndGlobal
